
Microsoft Visual Studio Solution File, Format Version 12.00
Project("{FAE04EC0-301F-11D3-BF4B-00C04F79EFBC}") = "ef-core-query-internal-server-error", "ef-core-query-internal-server-error\ef-core-query-internal-server-error.csproj", "{801CF52B-C95C-4CEA-986A-FCF2C5D06578}"
EndProject
Global
	GlobalSection(SolutionConfigurationPlatforms) = preSolution
		Debug|Any CPU = Debug|Any CPU
		Release|Any CPU = Release|Any CPU
	EndGlobalSection
	GlobalSection(ProjectConfigurationPlatforms) = postSolution
		{801CF52B-C95C-4CEA-986A-FCF2C5D06578}.Debug|Any CPU.ActiveCfg = Debug|Any CPU
		{801CF52B-C95C-4CEA-986A-FCF2C5D06578}.Debug|Any CPU.Build.0 = Debug|Any CPU
		{801CF52B-C95C-4CEA-986A-FCF2C5D06578}.Release|Any CPU.ActiveCfg = Release|Any CPU
		{801CF52B-C95C-4CEA-986A-FCF2C5D06578}.Release|Any CPU.Build.0 = Release|Any CPU
	EndGlobalSection
EndGlobal
